
Microsoft Visual Studio Solution File, Format Version 12.00
Project("{FAE04EC0-301F-11D3-BF4B-00C04F79EFBC}") = "WebApi", "WebApi\WebApi.csproj", "{57B43CC5-38C6-4D98-886F-46689B677846}"
EndProject
Project("{FAE04EC0-301F-11D3-BF4B-00C04F79EFBC}") = "Domain", "Domain\Domain.csproj", "{E83C9D72-3825-49BF-B246-44A9C044CFC4}"
EndProject
Project("{FAE04EC0-301F-11D3-BF4B-00C04F79EFBC}") = "DataAccess", "DataAccess\DataAccess.csproj", "{755BA973-8E2A-455D-B928-5B394A012889}"
EndProject
Project("{FAE04EC0-301F-11D3-BF4B-00C04F79EFBC}") = "BLL", "BLL\BLL.csproj", "{EAF45F05-8C07-464C-B8C0-334525901D54}"
EndProject
Project("{FAE04EC0-301F-11D3-BF4B-00C04F79EFBC}") = "BLL.Tests.Unit", "BLL.Tests.Unit\BLL.Tests.Unit.csproj", "{86E8D715-AEBB-43B0-8B9B-45FA9E82ECDC}"
EndProject
Global
	GlobalSection(SolutionConfigurationPlatforms) = preSolution
		Debug|Any CPU = Debug|Any CPU
		Release|Any CPU = Release|Any CPU
	EndGlobalSection
	GlobalSection(ProjectConfigurationPlatforms) = postSolution
		{57B43CC5-38C6-4D98-886F-46689B677846}.Debug|Any CPU.ActiveCfg = Debug|Any CPU
		{57B43CC5-38C6-4D98-886F-46689B677846}.Debug|Any CPU.Build.0 = Debug|Any CPU
		{57B43CC5-38C6-4D98-886F-46689B677846}.Release|Any CPU.ActiveCfg = Release|Any CPU
		{57B43CC5-38C6-4D98-886F-46689B677846}.Release|Any CPU.Build.0 = Release|Any CPU
		{E83C9D72-3825-49BF-B246-44A9C044CFC4}.Debug|Any CPU.ActiveCfg = Debug|Any CPU
		{E83C9D72-3825-49BF-B246-44A9C044CFC4}.Debug|Any CPU.Build.0 = Debug|Any CPU
		{E83C9D72-3825-49BF-B246-44A9C044CFC4}.Release|Any CPU.ActiveCfg = Release|Any CPU
		{E83C9D72-3825-49BF-B246-44A9C044CFC4}.Release|Any CPU.Build.0 = Release|Any CPU
		{755BA973-8E2A-455D-B928-5B394A012889}.Debug|Any CPU.ActiveCfg = Debug|Any CPU
		{755BA973-8E2A-455D-B928-5B394A012889}.Debug|Any CPU.Build.0 = Debug|Any CPU
		{755BA973-8E2A-455D-B928-5B394A012889}.Release|Any CPU.ActiveCfg = Release|Any CPU
		{755BA973-8E2A-455D-B928-5B394A012889}.Release|Any CPU.Build.0 = Release|Any CPU
		{EAF45F05-8C07-464C-B8C0-334525901D54}.Debug|Any CPU.ActiveCfg = Debug|Any CPU
		{EAF45F05-8C07-464C-B8C0-334525901D54}.Debug|Any CPU.Build.0 = Debug|Any CPU
		{EAF45F05-8C07-464C-B8C0-334525901D54}.Release|Any CPU.ActiveCfg = Release|Any CPU
		{EAF45F05-8C07-464C-B8C0-334525901D54}.Release|Any CPU.Build.0 = Release|Any CPU
		{86E8D715-AEBB-43B0-8B9B-45FA9E82ECDC}.Debug|Any CPU.ActiveCfg = Debug|Any CPU
		{86E8D715-AEBB-43B0-8B9B-45FA9E82ECDC}.Debug|Any CPU.Build.0 = Debug|Any CPU
		{86E8D715-AEBB-43B0-8B9B-45FA9E82ECDC}.Release|Any CPU.ActiveCfg = Release|Any CPU
		{86E8D715-AEBB-43B0-8B9B-45FA9E82ECDC}.Release|Any CPU.Build.0 = Release|Any CPU
	EndGlobalSection
EndGlobal
